
Microsoft Visual Studio Solution File, Format Version 12.00
# Visual Studio 14
VisualStudioVersion = 14.0.23107.0
MinimumVisualStudioVersion = 10.0.40219.1
Project("{FAE04EC0-301F-11D3-BF4B-00C04F79EFBC}") = "Latihan_1_1", "Latihan_1_1\Latihan_1_1.csproj", "{49B5866E-FA58-4407-ABA9-295A78DCE35F}"
EndProject
Project("{FAE04EC0-301F-11D3-BF4B-00C04F79EFBC}") = "Latihan_1_2", "Latihan_1_  2\Latihan_1_2.csproj", "{09372B43-EF65-4B7A-BA23-E73568CB8E56}"
EndProject
Project("{FAE04EC0-301F-11D3-BF4B-00C04F79EFBC}") = "Latihan_2_1", "Latihan_2_1\Latihan_2_1.csproj", "{EE4FB421-1794-4868-BBEF-B6F58AD1E958}"
EndProject
Project("{FAE04EC0-301F-11D3-BF4B-00C04F79EFBC}") = "Latihan_3_1", "Latihan_3_1\Latihan_3_1.csproj", "{61A3FF4C-C05E-4DDB-89D7-FDBBDB449C1C}"
EndProject
Project("{FAE04EC0-301F-11D3-BF4B-00C04F79EFBC}") = "Latihan_4_1", "Latihan_4_1\Latihan_4_1.csproj", "{F186578D-71B6-4156-96B6-FB2689D1CC90}"
EndProject
Project("{FAE04EC0-301F-11D3-BF4B-00C04F79EFBC}") = "Latihan_5_1", "Latihan_5_1\Latihan_5_1.csproj", "{2B4EA06A-9E7C-4365-B5DD-183DF539FF76}"
EndProject
Project("{FAE04EC0-301F-11D3-BF4B-00C04F79EFBC}") = "Volleyball_Problem", "Volleyball_Problem\Volleyball_Problem.csproj", "{49D7CBE6-5CEC-4507-B47F-A129A2E29A9A}"
EndProject
Global
	GlobalSection(SolutionConfigurationPlatforms) = preSolution
		Debug|Any CPU = Debug|Any CPU
		Release|Any CPU = Release|Any CPU
	EndGlobalSection
	GlobalSection(ProjectConfigurationPlatforms) = postSolution
		{49B5866E-FA58-4407-ABA9-295A78DCE35F}.Debug|Any CPU.ActiveCfg = Debug|Any CPU
		{49B5866E-FA58-4407-ABA9-295A78DCE35F}.Debug|Any CPU.Build.0 = Debug|Any CPU
		{49B5866E-FA58-4407-ABA9-295A78DCE35F}.Release|Any CPU.ActiveCfg = Release|Any CPU
		{49B5866E-FA58-4407-ABA9-295A78DCE35F}.Release|Any CPU.Build.0 = Release|Any CPU
		{09372B43-EF65-4B7A-BA23-E73568CB8E56}.Debug|Any CPU.ActiveCfg = Debug|Any CPU
		{09372B43-EF65-4B7A-BA23-E73568CB8E56}.Debug|Any CPU.Build.0 = Debug|Any CPU
		{09372B43-EF65-4B7A-BA23-E73568CB8E56}.Release|Any CPU.ActiveCfg = Release|Any CPU
		{09372B43-EF65-4B7A-BA23-E73568CB8E56}.Release|Any CPU.Build.0 = Release|Any CPU
		{EE4FB421-1794-4868-BBEF-B6F58AD1E958}.Debug|Any CPU.ActiveCfg = Debug|Any CPU
		{EE4FB421-1794-4868-BBEF-B6F58AD1E958}.Debug|Any CPU.Build.0 = Debug|Any CPU
		{EE4FB421-1794-4868-BBEF-B6F58AD1E958}.Release|Any CPU.ActiveCfg = Release|Any CPU
		{EE4FB421-1794-4868-BBEF-B6F58AD1E958}.Release|Any CPU.Build.0 = Release|Any CPU
		{61A3FF4C-C05E-4DDB-89D7-FDBBDB449C1C}.Debug|Any CPU.ActiveCfg = Debug|Any CPU
		{61A3FF4C-C05E-4DDB-89D7-FDBBDB449C1C}.Debug|Any CPU.Build.0 = Debug|Any CPU
		{61A3FF4C-C05E-4DDB-89D7-FDBBDB449C1C}.Release|Any CPU.ActiveCfg = Release|Any CPU
		{61A3FF4C-C05E-4DDB-89D7-FDBBDB449C1C}.Release|Any CPU.Build.0 = Release|Any CPU
		{F186578D-71B6-4156-96B6-FB2689D1CC90}.Debug|Any CPU.ActiveCfg = Debug|Any CPU
		{F186578D-71B6-4156-96B6-FB2689D1CC90}.Debug|Any CPU.Build.0 = Debug|Any CPU
		{F186578D-71B6-4156-96B6-FB2689D1CC90}.Release|Any CPU.ActiveCfg = Release|Any CPU
		{F186578D-71B6-4156-96B6-FB2689D1CC90}.Release|Any CPU.Build.0 = Release|Any CPU
		{2B4EA06A-9E7C-4365-B5DD-183DF539FF76}.Debug|Any CPU.ActiveCfg = Debug|Any CPU
		{2B4EA06A-9E7C-4365-B5DD-183DF539FF76}.Debug|Any CPU.Build.0 = Debug|Any CPU
		{2B4EA06A-9E7C-4365-B5DD-183DF539FF76}.Release|Any CPU.ActiveCfg = Release|Any CPU
		{2B4EA06A-9E7C-4365-B5DD-183DF539FF76}.Release|Any CPU.Build.0 = Release|Any CPU
		{49D7CBE6-5CEC-4507-B47F-A129A2E29A9A}.Debug|Any CPU.ActiveCfg = Debug|Any CPU
		{49D7CBE6-5CEC-4507-B47F-A129A2E29A9A}.Debug|Any CPU.Build.0 = Debug|Any CPU
		{49D7CBE6-5CEC-4507-B47F-A129A2E29A9A}.Release|Any CPU.ActiveCfg = Release|Any CPU
		{49D7CBE6-5CEC-4507-B47F-A129A2E29A9A}.Release|Any CPU.Build.0 = Release|Any CPU
	EndGlobalSection
	GlobalSection(SolutionProperties) = preSolution
		HideSolutionNode = FALSE
	EndGlobalSection
EndGlobal
